
Microsoft Visual Studio Solution File, Format Version 12.00
# Visual Studio 15
VisualStudioVersion = 15.0.26124.0
MinimumVisualStudioVersion = 15.0.26124.0
Project("{2150E333-8FDC-42A3-9474-1A3956D46DE8}") = "libragri.core", "libragri.core", "{5D6B8161-BF10-49D6-8EB4-615B09F75E5E}"
EndProject
Project("{9A19103F-16F7-4668-BE54-9A1E7A4F7556}") = "libragri.core.common", "libragri.core\libragri.core.common\libragri.core.common.csproj", "{1B317DA7-567C-442E-9C02-DA4F9AC82407}"
EndProject
Project("{9A19103F-16F7-4668-BE54-9A1E7A4F7556}") = "libragri.core.repository", "libragri.core\libragri.core.repository\libragri.core.repository.csproj", "{15F08A42-C975-4D56-AD21-6C93467632B9}"
EndProject
Project("{9A19103F-16F7-4668-BE54-9A1E7A4F7556}") = "libragri.core.specification", "libragri.core\libragri.core.specification\libragri.core.specification.csproj", "{48E0437B-9CCF-4C66-A268-2262CAA0170E}"
EndProject
Project("{9A19103F-16F7-4668-BE54-9A1E7A4F7556}") = "libragri.core.repository.inmemorydb", "libragri.core\libragri.core.repository.inmemorydb\libragri.core.repository.inmemorydb.csproj", "{F1B71EA9-EAA7-4732-BB7D-8B004765FADD}"
EndProject
Project("{9A19103F-16F7-4668-BE54-9A1E7A4F7556}") = "libragri.party.model", "libragri.party.model\libragri.party.model.csproj", "{B17F33C0-EF55-4559-A89F-41DCAA51A342}"
EndProject
Project("{9A19103F-16F7-4668-BE54-9A1E7A4F7556}") = "libragri.party.repository.inmemory", "libragri.party.repository.inmemory\libragri.party.repository.inmemory.csproj", "{C66BE90D-1356-4111-B847-40A798F8E5E7}"
EndProject
Project("{9A19103F-16F7-4668-BE54-9A1E7A4F7556}") = "libragri.party.repository.interfaces", "libragri.party.repository.interfaces\libragri.party.repository.interfaces.csproj", "{198B2859-E57A-4ED4-8BD1-0ED187160DC0}"
EndProject
Project("{9A19103F-16F7-4668-BE54-9A1E7A4F7556}") = "libragri.party.service.impl", "libragri.party.service.impl\libragri.party.service.impl.csproj", "{371C5296-FC3D-44A7-9D87-29037A933325}"
EndProject
Project("{9A19103F-16F7-4668-BE54-9A1E7A4F7556}") = "libragri.party.service.interfaces", "libragri.party.service.interfaces\libragri.party.service.interfaces.csproj", "{727456F4-A6FC-4E6A-AF65-2ED6E4B350DD}"
EndProject
Project("{9A19103F-16F7-4668-BE54-9A1E7A4F7556}") = "libragri.party.api", "libragri.party.api\libragri.party.api.csproj", "{6945E6DB-6FA8-47CD-811A-5E6476DA6289}"
EndProject
Project("{9A19103F-16F7-4668-BE54-9A1E7A4F7556}") = "libragri.core.webapi", "libragri.core\libragri.core.webapi\libragri.core.webapi.csproj", "{97B5ABA5-CFB0-4696-A45B-5F599328E367}"
EndProject
Global
	GlobalSection(SolutionConfigurationPlatforms) = preSolution
		Debug|Any CPU = Debug|Any CPU
		Debug|x64 = Debug|x64
		Debug|x86 = Debug|x86
		Release|Any CPU = Release|Any CPU
		Release|x64 = Release|x64
		Release|x86 = Release|x86
	EndGlobalSection
	GlobalSection(ProjectConfigurationPlatforms) = postSolution
		{1B317DA7-567C-442E-9C02-DA4F9AC82407}.Debug|Any CPU.ActiveCfg = Debug|Any CPU
		{1B317DA7-567C-442E-9C02-DA4F9AC82407}.Debug|Any CPU.Build.0 = Debug|Any CPU
		{1B317DA7-567C-442E-9C02-DA4F9AC82407}.Debug|x64.ActiveCfg = Debug|Any CPU
		{1B317DA7-567C-442E-9C02-DA4F9AC82407}.Debug|x64.Build.0 = Debug|Any CPU
		{1B317DA7-567C-442E-9C02-DA4F9AC82407}.Debug|x86.ActiveCfg = Debug|Any CPU
		{1B317DA7-567C-442E-9C02-DA4F9AC82407}.Debug|x86.Build.0 = Debug|Any CPU
		{1B317DA7-567C-442E-9C02-DA4F9AC82407}.Release|Any CPU.ActiveCfg = Release|Any CPU
		{1B317DA7-567C-442E-9C02-DA4F9AC82407}.Release|Any CPU.Build.0 = Release|Any CPU
		{1B317DA7-567C-442E-9C02-DA4F9AC82407}.Release|x64.ActiveCfg = Release|Any CPU
		{1B317DA7-567C-442E-9C02-DA4F9AC82407}.Release|x64.Build.0 = Release|Any CPU
		{1B317DA7-567C-442E-9C02-DA4F9AC82407}.Release|x86.ActiveCfg = Release|Any CPU
		{1B317DA7-567C-442E-9C02-DA4F9AC82407}.Release|x86.Build.0 = Release|Any CPU
		{15F08A42-C975-4D56-AD21-6C93467632B9}.Debug|Any CPU.ActiveCfg = Debug|Any CPU
		{15F08A42-C975-4D56-AD21-6C93467632B9}.Debug|Any CPU.Build.0 = Debug|Any CPU
		{15F08A42-C975-4D56-AD21-6C93467632B9}.Debug|x64.ActiveCfg = Debug|Any CPU
		{15F08A42-C975-4D56-AD21-6C93467632B9}.Debug|x64.Build.0 = Debug|Any CPU
		{15F08A42-C975-4D56-AD21-6C93467632B9}.Debug|x86.ActiveCfg = Debug|Any CPU
		{15F08A42-C975-4D56-AD21-6C93467632B9}.Debug|x86.Build.0 = Debug|Any CPU
		{15F08A42-C975-4D56-AD21-6C93467632B9}.Release|Any CPU.ActiveCfg = Release|Any CPU
		{15F08A42-C975-4D56-AD21-6C93467632B9}.Release|Any CPU.Build.0 = Release|Any CPU
		{15F08A42-C975-4D56-AD21-6C93467632B9}.Release|x64.ActiveCfg = Release|Any CPU
		{15F08A42-C975-4D56-AD21-6C93467632B9}.Release|x64.Build.0 = Release|Any CPU
		{15F08A42-C975-4D56-AD21-6C93467632B9}.Release|x86.ActiveCfg = Release|Any CPU
		{15F08A42-C975-4D56-AD21-6C93467632B9}.Release|x86.Build.0 = Release|Any CPU
		{48E0437B-9CCF-4C66-A268-2262CAA0170E}.Debug|Any CPU.ActiveCfg = Debug|Any CPU
		{48E0437B-9CCF-4C66-A268-2262CAA0170E}.Debug|Any CPU.Build.0 = Debug|Any CPU
		{48E0437B-9CCF-4C66-A268-2262CAA0170E}.Debug|x64.ActiveCfg = Debug|Any CPU
		{48E0437B-9CCF-4C66-A268-2262CAA0170E}.Debug|x64.Build.0 = Debug|Any CPU
		{48E0437B-9CCF-4C66-A268-2262CAA0170E}.Debug|x86.ActiveCfg = Debug|Any CPU
		{48E0437B-9CCF-4C66-A268-2262CAA0170E}.Debug|x86.Build.0 = Debug|Any CPU
		{48E0437B-9CCF-4C66-A268-2262CAA0170E}.Release|Any CPU.ActiveCfg = Release|Any CPU
		{48E0437B-9CCF-4C66-A268-2262CAA0170E}.Release|Any CPU.Build.0 = Release|Any CPU
		{48E0437B-9CCF-4C66-A268-2262CAA0170E}.Release|x64.ActiveCfg = Release|Any CPU
		{48E0437B-9CCF-4C66-A268-2262CAA0170E}.Release|x64.Build.0 = Release|Any CPU
		{48E0437B-9CCF-4C66-A268-2262CAA0170E}.Release|x86.ActiveCfg = Release|Any CPU
		{48E0437B-9CCF-4C66-A268-2262CAA0170E}.Release|x86.Build.0 = Release|Any CPU
		{F1B71EA9-EAA7-4732-BB7D-8B004765FADD}.Debug|Any CPU.ActiveCfg = Debug|Any CPU
		{F1B71EA9-EAA7-4732-BB7D-8B004765FADD}.Debug|Any CPU.Build.0 = Debug|Any CPU
		{F1B71EA9-EAA7-4732-BB7D-8B004765FADD}.Debug|x64.ActiveCfg = Debug|Any CPU
		{F1B71EA9-EAA7-4732-BB7D-8B004765FADD}.Debug|x64.Build.0 = Debug|Any CPU
		{F1B71EA9-EAA7-4732-BB7D-8B004765FADD}.Debug|x86.ActiveCfg = Debug|Any CPU
		{F1B71EA9-EAA7-4732-BB7D-8B004765FADD}.Debug|x86.Build.0 = Debug|Any CPU
		{F1B71EA9-EAA7-4732-BB7D-8B004765FADD}.Release|Any CPU.ActiveCfg = Release|Any CPU
		{F1B71EA9-EAA7-4732-BB7D-8B004765FADD}.Release|Any CPU.Build.0 = Release|Any CPU
		{F1B71EA9-EAA7-4732-BB7D-8B004765FADD}.Release|x64.ActiveCfg = Release|Any CPU
		{F1B71EA9-EAA7-4732-BB7D-8B004765FADD}.Release|x64.Build.0 = Release|Any CPU
		{F1B71EA9-EAA7-4732-BB7D-8B004765FADD}.Release|x86.ActiveCfg = Release|Any CPU
		{F1B71EA9-EAA7-4732-BB7D-8B004765FADD}.Release|x86.Build.0 = Release|Any CPU
		{B17F33C0-EF55-4559-A89F-41DCAA51A342}.Debug|Any CPU.ActiveCfg = Debug|Any CPU
		{B17F33C0-EF55-4559-A89F-41DCAA51A342}.Debug|Any CPU.Build.0 = Debug|Any CPU
		{B17F33C0-EF55-4559-A89F-41DCAA51A342}.Debug|x64.ActiveCfg = Debug|Any CPU
		{B17F33C0-EF55-4559-A89F-41DCAA51A342}.Debug|x64.Build.0 = Debug|Any CPU
		{B17F33C0-EF55-4559-A89F-41DCAA51A342}.Debug|x86.ActiveCfg = Debug|Any CPU
		{B17F33C0-EF55-4559-A89F-41DCAA51A342}.Debug|x86.Build.0 = Debug|Any CPU
		{B17F33C0-EF55-4559-A89F-41DCAA51A342}.Release|Any CPU.ActiveCfg = Release|Any CPU
		{B17F33C0-EF55-4559-A89F-41DCAA51A342}.Release|Any CPU.Build.0 = Release|Any CPU
		{B17F33C0-EF55-4559-A89F-41DCAA51A342}.Release|x64.ActiveCfg = Release|Any CPU
		{B17F33C0-EF55-4559-A89F-41DCAA51A342}.Release|x64.Build.0 = Release|Any CPU
		{B17F33C0-EF55-4559-A89F-41DCAA51A342}.Release|x86.ActiveCfg = Release|Any CPU
		{B17F33C0-EF55-4559-A89F-41DCAA51A342}.Release|x86.Build.0 = Release|Any CPU
		{C66BE90D-1356-4111-B847-40A798F8E5E7}.Debug|Any CPU.ActiveCfg = Debug|Any CPU
		{C66BE90D-1356-4111-B847-40A798F8E5E7}.Debug|Any CPU.Build.0 = Debug|Any CPU
		{C66BE90D-1356-4111-B847-40A798F8E5E7}.Debug|x64.ActiveCfg = Debug|Any CPU
		{C66BE90D-1356-4111-B847-40A798F8E5E7}.Debug|x64.Build.0 = Debug|Any CPU
		{C66BE90D-1356-4111-B847-40A798F8E5E7}.Debug|x86.ActiveCfg = Debug|Any CPU
		{C66BE90D-1356-4111-B847-40A798F8E5E7}.Debug|x86.Build.0 = Debug|Any CPU
		{C66BE90D-1356-4111-B847-40A798F8E5E7}.Release|Any CPU.ActiveCfg = Release|Any CPU
		{C66BE90D-1356-4111-B847-40A798F8E5E7}.Release|Any CPU.Build.0 = Release|Any CPU
		{C66BE90D-1356-4111-B847-40A798F8E5E7}.Release|x64.ActiveCfg = Release|Any CPU
		{C66BE90D-1356-4111-B847-40A798F8E5E7}.Release|x64.Build.0 = Release|Any CPU
		{C66BE90D-1356-4111-B847-40A798F8E5E7}.Release|x86.ActiveCfg = Release|Any CPU
		{C66BE90D-1356-4111-B847-40A798F8E5E7}.Release|x86.Build.0 = Release|Any CPU
		{198B2859-E57A-4ED4-8BD1-0ED187160DC0}.Debug|Any CPU.ActiveCfg = Debug|Any CPU
		{198B2859-E57A-4ED4-8BD1-0ED187160DC0}.Debug|Any CPU.Build.0 = Debug|Any CPU
		{198B2859-E57A-4ED4-8BD1-0ED187160DC0}.Debug|x64.ActiveCfg = Debug|Any CPU
		{198B2859-E57A-4ED4-8BD1-0ED187160DC0}.Debug|x64.Build.0 = Debug|Any CPU
		{198B2859-E57A-4ED4-8BD1-0ED187160DC0}.Debug|x86.ActiveCfg = Debug|Any CPU
		{198B2859-E57A-4ED4-8BD1-0ED187160DC0}.Debug|x86.Build.0 = Debug|Any CPU
		{198B2859-E57A-4ED4-8BD1-0ED187160DC0}.Release|Any CPU.ActiveCfg = Release|Any CPU
		{198B2859-E57A-4ED4-8BD1-0ED187160DC0}.Release|Any CPU.Build.0 = Release|Any CPU
		{198B2859-E57A-4ED4-8BD1-0ED187160DC0}.Release|x64.ActiveCfg = Release|Any CPU
		{198B2859-E57A-4ED4-8BD1-0ED187160DC0}.Release|x64.Build.0 = Release|Any CPU
		{198B2859-E57A-4ED4-8BD1-0ED187160DC0}.Release|x86.ActiveCfg = Release|Any CPU
		{198B2859-E57A-4ED4-8BD1-0ED187160DC0}.Release|x86.Build.0 = Release|Any CPU
		{371C5296-FC3D-44A7-9D87-29037A933325}.Debug|Any CPU.ActiveCfg = Debug|Any CPU
		{371C5296-FC3D-44A7-9D87-29037A933325}.Debug|Any CPU.Build.0 = Debug|Any CPU
		{371C5296-FC3D-44A7-9D87-29037A933325}.Debug|x64.ActiveCfg = Debug|Any CPU
		{371C5296-FC3D-44A7-9D87-29037A933325}.Debug|x64.Build.0 = Debug|Any CPU
		{371C5296-FC3D-44A7-9D87-29037A933325}.Debug|x86.ActiveCfg = Debug|Any CPU
		{371C5296-FC3D-44A7-9D87-29037A933325}.Debug|x86.Build.0 = Debug|Any CPU
		{371C5296-FC3D-44A7-9D87-29037A933325}.Release|Any CPU.ActiveCfg = Release|Any CPU
		{371C5296-FC3D-44A7-9D87-29037A933325}.Release|Any CPU.Build.0 = Release|Any CPU
		{371C5296-FC3D-44A7-9D87-29037A933325}.Release|x64.ActiveCfg = Release|Any CPU
		{371C5296-FC3D-44A7-9D87-29037A933325}.Release|x64.Build.0 = Release|Any CPU
		{371C5296-FC3D-44A7-9D87-29037A933325}.Release|x86.ActiveCfg = Release|Any CPU
		{371C5296-FC3D-44A7-9D87-29037A933325}.Release|x86.Build.0 = Release|Any CPU
		{727456F4-A6FC-4E6A-AF65-2ED6E4B350DD}.Debug|Any CPU.ActiveCfg = Debug|Any CPU
		{727456F4-A6FC-4E6A-AF65-2ED6E4B350DD}.Debug|Any CPU.Build.0 = Debug|Any CPU
		{727456F4-A6FC-4E6A-AF65-2ED6E4B350DD}.Debug|x64.ActiveCfg = Debug|Any CPU
		{727456F4-A6FC-4E6A-AF65-2ED6E4B350DD}.Debug|x64.Build.0 = Debug|Any CPU
		{727456F4-A6FC-4E6A-AF65-2ED6E4B350DD}.Debug|x86.ActiveCfg = Debug|Any CPU
		{727456F4-A6FC-4E6A-AF65-2ED6E4B350DD}.Debug|x86.Build.0 = Debug|Any CPU
		{727456F4-A6FC-4E6A-AF65-2ED6E4B350DD}.Release|Any CPU.ActiveCfg = Release|Any CPU
		{727456F4-A6FC-4E6A-AF65-2ED6E4B350DD}.Release|Any CPU.Build.0 = Release|Any CPU
		{727456F4-A6FC-4E6A-AF65-2ED6E4B350DD}.Release|x64.ActiveCfg = Release|Any CPU
		{727456F4-A6FC-4E6A-AF65-2ED6E4B350DD}.Release|x64.Build.0 = Release|Any CPU
		{727456F4-A6FC-4E6A-AF65-2ED6E4B350DD}.Release|x86.ActiveCfg = Release|Any CPU
		{727456F4-A6FC-4E6A-AF65-2ED6E4B350DD}.Release|x86.Build.0 = Release|Any CPU
		{6945E6DB-6FA8-47CD-811A-5E6476DA6289}.Debug|Any CPU.ActiveCfg = Debug|Any CPU
		{6945E6DB-6FA8-47CD-811A-5E6476DA6289}.Debug|Any CPU.Build.0 = Debug|Any CPU
		{6945E6DB-6FA8-47CD-811A-5E6476DA6289}.Debug|x64.ActiveCfg = Debug|Any CPU
		{6945E6DB-6FA8-47CD-811A-5E6476DA6289}.Debug|x64.Build.0 = Debug|Any CPU
		{6945E6DB-6FA8-47CD-811A-5E6476DA6289}.Debug|x86.ActiveCfg = Debug|Any CPU
		{6945E6DB-6FA8-47CD-811A-5E6476DA6289}.Debug|x86.Build.0 = Debug|Any CPU
		{6945E6DB-6FA8-47CD-811A-5E6476DA6289}.Release|Any CPU.ActiveCfg = Release|Any CPU
		{6945E6DB-6FA8-47CD-811A-5E6476DA6289}.Release|Any CPU.Build.0 = Release|Any CPU
		{6945E6DB-6FA8-47CD-811A-5E6476DA6289}.Release|x64.ActiveCfg = Release|Any CPU
		{6945E6DB-6FA8-47CD-811A-5E6476DA6289}.Release|x64.Build.0 = Release|Any CPU
		{6945E6DB-6FA8-47CD-811A-5E6476DA6289}.Release|x86.ActiveCfg = Release|Any CPU
		{6945E6DB-6FA8-47CD-811A-5E6476DA6289}.Release|x86.Build.0 = Release|Any CPU
		{97B5ABA5-CFB0-4696-A45B-5F599328E367}.Debug|Any CPU.ActiveCfg = Debug|Any CPU
		{97B5ABA5-CFB0-4696-A45B-5F599328E367}.Debug|Any CPU.Build.0 = Debug|Any CPU
		{97B5ABA5-CFB0-4696-A45B-5F599328E367}.Debug|x64.ActiveCfg = Debug|Any CPU
		{97B5ABA5-CFB0-4696-A45B-5F599328E367}.Debug|x64.Build.0 = Debug|Any CPU
		{97B5ABA5-CFB0-4696-A45B-5F599328E367}.Debug|x86.ActiveCfg = Debug|Any CPU
		{97B5ABA5-CFB0-4696-A45B-5F599328E367}.Debug|x86.Build.0 = Debug|Any CPU
		{97B5ABA5-CFB0-4696-A45B-5F599328E367}.Release|Any CPU.ActiveCfg = Release|Any CPU
		{97B5ABA5-CFB0-4696-A45B-5F599328E367}.Release|Any CPU.Build.0 = Release|Any CPU
		{97B5ABA5-CFB0-4696-A45B-5F599328E367}.Release|x64.ActiveCfg = Release|Any CPU
		{97B5ABA5-CFB0-4696-A45B-5F599328E367}.Release|x64.Build.0 = Release|Any CPU
		{97B5ABA5-CFB0-4696-A45B-5F599328E367}.Release|x86.ActiveCfg = Release|Any CPU
		{97B5ABA5-CFB0-4696-A45B-5F599328E367}.Release|x86.Build.0 = Release|Any CPU
	EndGlobalSection
	GlobalSection(SolutionProperties) = preSolution
		HideSolutionNode = FALSE
	EndGlobalSection
	GlobalSection(NestedProjects) = preSolution
		{1B317DA7-567C-442E-9C02-DA4F9AC82407} = {5D6B8161-BF10-49D6-8EB4-615B09F75E5E}
		{15F08A42-C975-4D56-AD21-6C93467632B9} = {5D6B8161-BF10-49D6-8EB4-615B09F75E5E}
		{48E0437B-9CCF-4C66-A268-2262CAA0170E} = {5D6B8161-BF10-49D6-8EB4-615B09F75E5E}
		{F1B71EA9-EAA7-4732-BB7D-8B004765FADD} = {5D6B8161-BF10-49D6-8EB4-615B09F75E5E}
		{97B5ABA5-CFB0-4696-A45B-5F599328E367} = {5D6B8161-BF10-49D6-8EB4-615B09F75E5E}
	EndGlobalSection
	GlobalSection(ExtensibilityGlobals) = postSolution
		SolutionGuid = {738328E1-B9C6-4D94-A643-35E8AE23ADBB}
	EndGlobalSection
EndGlobal
